
Microsoft Visual Studio Solution File, Format Version 12.00
# Visual Studio Version 16
VisualStudioVersion = 16.0.33801.447
MinimumVisualStudioVersion = 10.0.40219.1
Project("{FAE04EC0-301F-11D3-BF4B-00C04F79EFBC}") = "ConsoleApp4", "ConsoleApp4\ConsoleApp4.csproj", "{109803D8-4B2B-4FCE-863F-64C0FCDD2E9D}"
EndProject
Global
	GlobalSection(SolutionConfigurationPlatforms) = preSolution
		Debug|Any CPU = Debug|Any CPU
		Release|Any CPU = Release|Any CPU
	EndGlobalSection
	GlobalSection(ProjectConfigurationPlatforms) = postSolution
		{109803D8-4B2B-4FCE-863F-64C0FCDD2E9D}.Debug|Any CPU.ActiveCfg = Debug|Any CPU
		{109803D8-4B2B-4FCE-863F-64C0FCDD2E9D}.Debug|Any CPU.Build.0 = Debug|Any CPU
		{109803D8-4B2B-4FCE-863F-64C0FCDD2E9D}.Release|Any CPU.ActiveCfg = Release|Any CPU
		{109803D8-4B2B-4FCE-863F-64C0FCDD2E9D}.Release|Any CPU.Build.0 = Release|Any CPU
	EndGlobalSection
	GlobalSection(SolutionProperties) = preSolution
		HideSolutionNode = FALSE
	EndGlobalSection
	GlobalSection(ExtensibilityGlobals) = postSolution
		SolutionGuid = {0559B47E-A69A-4E73-AF6B-213234775500}
	EndGlobalSection
EndGlobal
